<?xml version="1.0" encoding="utf-8"?>
<Project ToolsVersion="4.0" xmlns="http://schemas.microsoft.com/developer/msbuild/2003">
  <ItemGroup>
    <ClCompile Include="main.cpp" />
    <ClCompile Include="TextureBinner.cpp" />
    <ClCompile Include="SceneBinner.cpp" />
    <ClCompile Include="ModelBinner.cpp" />
    <ClCompile Include="MaterialBinner.cpp" />
    <ClCompile Include="SkyBinner.cpp" />
    <ClCompile Include="PostProcessEffectsBinner.cpp" />
  </ItemGroup>
  <ItemGroup>
    <ClInclude Include="IAssetBinner.h" />
    <ClInclude Include="TextureBinner.h" />
    <ClInclude Include="SceneBinner.h" />
    <ClInclude Include="ModelBinner.h" />
    <ClInclude Include="MaterialBinner.h" />
    <ClInclude Include="SkyBinner.h" />
    <ClInclude Include="PostProcessEffectsBinner.h" />
  </ItemGroup>
</Project>