<?xml version="1.0" encoding="utf-8"?>
<Project ToolsVersion="4.0" xmlns="http://schemas.microsoft.com/developer/msbuild/2003">
  <ItemGroup>
    <ClCompile Include="main.cpp" />
    <ClCompile Include="MainWindow.cpp" />
    <ClCompile Include="WindowBase.cpp" />
    <ClCompile Include="RenderWindow.cpp" />
    <ClCompile Include="PropertyTables.cpp" />
    <ClCompile Include="Widgets\Button.cpp">
      <Filter>Widgets</Filter>
    </ClCompile>
    <ClCompile Include="Widgets\CheckBox.cpp">
      <Filter>Widgets</Filter>
    </ClCompile>
    <ClCompile Include="Widgets\Label.cpp">
      <Filter>Widgets</Filter>
    </ClCompile>
    <ClCompile Include="Widgets\ListView.cpp">
      <Filter>Widgets</Filter>
    </ClCompile>
    <ClCompile Include="Widgets\Menu.cpp">
      <Filter>Widgets</Filter>
    </ClCompile>
    <ClCompile Include="Widgets\Panel.cpp">
      <Filter>Widgets</Filter>
    </ClCompile>
    <ClCompile Include="Widgets\PropertyPanel.cpp">
      <Filter>Widgets</Filter>
    </ClCompile>
    <ClCompile Include="Widgets\Slider.cpp">
      <Filter>Widgets</Filter>
    </ClCompile>
    <ClCompile Include="Widgets\TextBox.cpp">
      <Filter>Widgets</Filter>
    </ClCompile>
    <ClCompile Include="ViewModels\PostProcessEffectsViewModel.cpp">
      <Filter>ViewModels</Filter>
    </ClCompile>
    <ClCompile Include="Widgets\Widget.cpp">
      <Filter>Widgets</Filter>
    </ClCompile>
    <ClCompile Include="Precompiled.cpp" />
    <ClCompile Include="ViewModels\SkyViewModel.cpp">
      <Filter>ViewModels</Filter>
    </ClCompile>
    <ClCompile Include="ViewModels\IViewModel.cpp">
      <Filter>ViewModels</Filter>
    </ClCompile>
  </ItemGroup>
  <ItemGroup>
    <ClInclude Include="MainWindow.h" />
    <ClInclude Include="RenderWindow.h" />
    <ClInclude Include="WindowBase.h" />
    <ClInclude Include="WindowLayout.h" />
    <ClInclude Include="SceneTree.h" />
    <ClInclude Include="PropertyTables.h" />
    <ClInclude Include="ViewModels\PostProcessEffectsViewModel.h">
      <Filter>ViewModels</Filter>
    </ClInclude>
    <ClInclude Include="Widgets\Button.h">
      <Filter>Widgets</Filter>
    </ClInclude>
    <ClInclude Include="Widgets\CheckBox.h">
      <Filter>Widgets</Filter>
    </ClInclude>
    <ClInclude Include="Widgets\Label.h">
      <Filter>Widgets</Filter>
    </ClInclude>
    <ClInclude Include="Widgets\ListView.h">
      <Filter>Widgets</Filter>
    </ClInclude>
    <ClInclude Include="Widgets\Menu.h">
      <Filter>Widgets</Filter>
    </ClInclude>
    <ClInclude Include="Widgets\Panel.h">
      <Filter>Widgets</Filter>
    </ClInclude>
    <ClInclude Include="Widgets\PropertyPanel.h">
      <Filter>Widgets</Filter>
    </ClInclude>
    <ClInclude Include="Widgets\Slider.h">
      <Filter>Widgets</Filter>
    </ClInclude>
    <ClInclude Include="Widgets\TextBox.h">
      <Filter>Widgets</Filter>
    </ClInclude>
    <ClInclude Include="Widgets\Widget.h">
      <Filter>Widgets</Filter>
    </ClInclude>
    <ClInclude Include="Precompiled.h" />
    <ClInclude Include="ViewModels\SkyViewModel.h">
      <Filter>ViewModels</Filter>
    </ClInclude>
    <ClInclude Include="ViewModels\IViewModel.h">
      <Filter>ViewModels</Filter>
    </ClInclude>
  </ItemGroup>
  <ItemGroup>
    <Filter Include="ViewModels">
      <UniqueIdentifier>{90874ccb-5b3f-451f-a9df-d2770281a120}</UniqueIdentifier>
    </Filter>
    <Filter Include="Widgets">
      <UniqueIdentifier>{f0ccb258-a088-45b2-a703-ac02f02927e3}</UniqueIdentifier>
    </Filter>
  </ItemGroup>
</Project>