
Microsoft Visual Studio Solution File, Format Version 12.00
# Visual Studio 14
VisualStudioVersion = 14.0.25420.1
MinimumVisualStudioVersion = 10.0.40219.1
Project("{8BC9CEB8-8B4A-11D0-8D11-00A0C91BC942}") = "RenderLab", "RenderLab\RenderLab.vcxproj", "{5D362819-D475-402D-B090-5FA285532967}"
	ProjectSection(ProjectDependencies) = postProject
		{78BE162A-48B3-44CF-B585-9F5A13AE1EB5} = {78BE162A-48B3-44CF-B585-9F5A13AE1EB5}
		{7A6EB62A-1CF6-4F3F-92D5-68BEB754B481} = {7A6EB62A-1CF6-4F3F-92D5-68BEB754B481}
		{D4FA615D-F48D-4636-AE47-CACA8D80A555} = {D4FA615D-F48D-4636-AE47-CACA8D80A555}
	EndProjectSection
EndProject
Project("{8BC9CEB8-8B4A-11D0-8D11-00A0C91BC942}") = "TextSDF", "TextSDF\TextSDF.vcxproj", "{3BD25DED-53C8-4243-8A40-C84D158295F3}"
EndProject
Project("{8BC9CEB8-8B4A-11D0-8D11-00A0C91BC942}") = "ObjSceneConverter", "ObjSceneConverter\ObjSceneConverter.vcxproj", "{8FD9A580-F398-4CBA-B5C8-807EE7222CC4}"
	ProjectSection(ProjectDependencies) = postProject
		{78BE162A-48B3-44CF-B585-9F5A13AE1EB5} = {78BE162A-48B3-44CF-B585-9F5A13AE1EB5}
	EndProjectSection
EndProject
Project("{8BC9CEB8-8B4A-11D0-8D11-00A0C91BC942}") = "AssetBinService", "AssetBinService\AssetBinService.vcxproj", "{3599296D-B976-4280-AFFB-E59132A4408F}"
	ProjectSection(ProjectDependencies) = postProject
		{78BE162A-48B3-44CF-B585-9F5A13AE1EB5} = {78BE162A-48B3-44CF-B585-9F5A13AE1EB5}
		{7A6EB62A-1CF6-4F3F-92D5-68BEB754B481} = {7A6EB62A-1CF6-4F3F-92D5-68BEB754B481}
		{D4FA615D-F48D-4636-AE47-CACA8D80A555} = {D4FA615D-F48D-4636-AE47-CACA8D80A555}
	EndProjectSection
EndProject
Project("{8BC9CEB8-8B4A-11D0-8D11-00A0C91BC942}") = "MathLib", "MathLib\MathLib.vcxproj", "{7A6EB62A-1CF6-4F3F-92D5-68BEB754B481}"
EndProject
Project("{8BC9CEB8-8B4A-11D0-8D11-00A0C91BC942}") = "UtilsLib", "UtilsLib\UtilsLib.vcxproj", "{78BE162A-48B3-44CF-B585-9F5A13AE1EB5}"
EndProject
Project("{8BC9CEB8-8B4A-11D0-8D11-00A0C91BC942}") = "AssetLib", "AssetLib\AssetLib.vcxproj", "{D4FA615D-F48D-4636-AE47-CACA8D80A555}"
EndProject
Project("{8BC9CEB8-8B4A-11D0-8D11-00A0C91BC942}") = "RenderLabEditor", "RenderLabEditor\RenderLabEditor.vcxproj", "{2451C2C9-4B8B-44FE-B5B7-42E3B1C64057}"
	ProjectSection(ProjectDependencies) = postProject
		{5D362819-D475-402D-B090-5FA285532967} = {5D362819-D475-402D-B090-5FA285532967}
		{78BE162A-48B3-44CF-B585-9F5A13AE1EB5} = {78BE162A-48B3-44CF-B585-9F5A13AE1EB5}
		{7A6EB62A-1CF6-4F3F-92D5-68BEB754B481} = {7A6EB62A-1CF6-4F3F-92D5-68BEB754B481}
		{D4FA615D-F48D-4636-AE47-CACA8D80A555} = {D4FA615D-F48D-4636-AE47-CACA8D80A555}
	EndProjectSection
EndProject
Global
	GlobalSection(SolutionConfigurationPlatforms) = preSolution
		Debug|x64 = Debug|x64
		Debug|x86 = Debug|x86
		Release|x64 = Release|x64
		Release|x86 = Release|x86
	EndGlobalSection
	GlobalSection(ProjectConfigurationPlatforms) = postSolution
		{5D362819-D475-402D-B090-5FA285532967}.Debug|x64.ActiveCfg = Debug|x64
		{5D362819-D475-402D-B090-5FA285532967}.Debug|x64.Build.0 = Debug|x64
		{5D362819-D475-402D-B090-5FA285532967}.Debug|x86.ActiveCfg = Debug|Win32
		{5D362819-D475-402D-B090-5FA285532967}.Release|x64.ActiveCfg = Release|x64
		{5D362819-D475-402D-B090-5FA285532967}.Release|x64.Build.0 = Release|x64
		{5D362819-D475-402D-B090-5FA285532967}.Release|x86.ActiveCfg = Release|Win32
		{3BD25DED-53C8-4243-8A40-C84D158295F3}.Debug|x64.ActiveCfg = Debug|x64
		{3BD25DED-53C8-4243-8A40-C84D158295F3}.Debug|x64.Build.0 = Debug|x64
		{3BD25DED-53C8-4243-8A40-C84D158295F3}.Debug|x86.ActiveCfg = Debug|Win32
		{3BD25DED-53C8-4243-8A40-C84D158295F3}.Release|x64.ActiveCfg = Release|x64
		{3BD25DED-53C8-4243-8A40-C84D158295F3}.Release|x64.Build.0 = Release|x64
		{3BD25DED-53C8-4243-8A40-C84D158295F3}.Release|x86.ActiveCfg = Release|Win32
		{8FD9A580-F398-4CBA-B5C8-807EE7222CC4}.Debug|x64.ActiveCfg = Debug|x64
		{8FD9A580-F398-4CBA-B5C8-807EE7222CC4}.Debug|x64.Build.0 = Debug|x64
		{8FD9A580-F398-4CBA-B5C8-807EE7222CC4}.Debug|x86.ActiveCfg = Debug|Win32
		{8FD9A580-F398-4CBA-B5C8-807EE7222CC4}.Release|x64.ActiveCfg = Release|x64
		{8FD9A580-F398-4CBA-B5C8-807EE7222CC4}.Release|x64.Build.0 = Release|x64
		{8FD9A580-F398-4CBA-B5C8-807EE7222CC4}.Release|x86.ActiveCfg = Release|Win32
		{3599296D-B976-4280-AFFB-E59132A4408F}.Debug|x64.ActiveCfg = Debug|x64
		{3599296D-B976-4280-AFFB-E59132A4408F}.Debug|x64.Build.0 = Debug|x64
		{3599296D-B976-4280-AFFB-E59132A4408F}.Debug|x86.ActiveCfg = Debug|Win32
		{3599296D-B976-4280-AFFB-E59132A4408F}.Release|x64.ActiveCfg = Release|x64
		{3599296D-B976-4280-AFFB-E59132A4408F}.Release|x64.Build.0 = Release|x64
		{3599296D-B976-4280-AFFB-E59132A4408F}.Release|x86.ActiveCfg = Release|Win32
		{7A6EB62A-1CF6-4F3F-92D5-68BEB754B481}.Debug|x64.ActiveCfg = Debug|x64
		{7A6EB62A-1CF6-4F3F-92D5-68BEB754B481}.Debug|x64.Build.0 = Debug|x64
		{7A6EB62A-1CF6-4F3F-92D5-68BEB754B481}.Debug|x86.ActiveCfg = Debug|Win32
		{7A6EB62A-1CF6-4F3F-92D5-68BEB754B481}.Release|x64.ActiveCfg = Release|x64
		{7A6EB62A-1CF6-4F3F-92D5-68BEB754B481}.Release|x64.Build.0 = Release|x64
		{7A6EB62A-1CF6-4F3F-92D5-68BEB754B481}.Release|x86.ActiveCfg = Release|Win32
		{78BE162A-48B3-44CF-B585-9F5A13AE1EB5}.Debug|x64.ActiveCfg = Debug|x64
		{78BE162A-48B3-44CF-B585-9F5A13AE1EB5}.Debug|x64.Build.0 = Debug|x64
		{78BE162A-48B3-44CF-B585-9F5A13AE1EB5}.Debug|x86.ActiveCfg = Debug|Win32
		{78BE162A-48B3-44CF-B585-9F5A13AE1EB5}.Release|x64.ActiveCfg = Release|x64
		{78BE162A-48B3-44CF-B585-9F5A13AE1EB5}.Release|x64.Build.0 = Release|x64
		{78BE162A-48B3-44CF-B585-9F5A13AE1EB5}.Release|x86.ActiveCfg = Release|Win32
		{D4FA615D-F48D-4636-AE47-CACA8D80A555}.Debug|x64.ActiveCfg = Debug|x64
		{D4FA615D-F48D-4636-AE47-CACA8D80A555}.Debug|x64.Build.0 = Debug|x64
		{D4FA615D-F48D-4636-AE47-CACA8D80A555}.Debug|x86.ActiveCfg = Debug|Win32
		{D4FA615D-F48D-4636-AE47-CACA8D80A555}.Release|x64.ActiveCfg = Release|x64
		{D4FA615D-F48D-4636-AE47-CACA8D80A555}.Release|x64.Build.0 = Release|x64
		{D4FA615D-F48D-4636-AE47-CACA8D80A555}.Release|x86.ActiveCfg = Release|Win32
		{2451C2C9-4B8B-44FE-B5B7-42E3B1C64057}.Debug|x64.ActiveCfg = Debug|x64
		{2451C2C9-4B8B-44FE-B5B7-42E3B1C64057}.Debug|x64.Build.0 = Debug|x64
		{2451C2C9-4B8B-44FE-B5B7-42E3B1C64057}.Debug|x86.ActiveCfg = Debug|Win32
		{2451C2C9-4B8B-44FE-B5B7-42E3B1C64057}.Debug|x86.Build.0 = Debug|Win32
		{2451C2C9-4B8B-44FE-B5B7-42E3B1C64057}.Release|x64.ActiveCfg = Release|x64
		{2451C2C9-4B8B-44FE-B5B7-42E3B1C64057}.Release|x64.Build.0 = Release|x64
		{2451C2C9-4B8B-44FE-B5B7-42E3B1C64057}.Release|x86.ActiveCfg = Release|Win32
		{2451C2C9-4B8B-44FE-B5B7-42E3B1C64057}.Release|x86.Build.0 = Release|Win32
	EndGlobalSection
	GlobalSection(SolutionProperties) = preSolution
		HideSolutionNode = FALSE
	EndGlobalSection
EndGlobal
